// !$*UTF8*$!
{
	archiveVersion = 1;
	classes = {
	};
	objectVersion = 56;
	objects = {

/* Begin PBXBuildFile section */
		717481662BDBA889007AB546 /* PickerVC.storyboard in Resources */ = {isa = PBXBuildFile; fileRef = 717481652BDBA889007AB546 /* PickerVC.storyboard */; };
		717481682BDBA8CC007AB546 /* PickerVC.swift in Sources */ = {isa = PBXBuildFile; fileRef = 717481672BDBA8CC007AB546 /* PickerVC.swift */; };
		7174816A2BDBAD3E007AB546 /* PickerVCWrapper.swift in Sources */ = {isa = PBXBuildFile; fileRef = 717481692BDBAD3E007AB546 /* PickerVCWrapper.swift */; };
		71C589DE2BDAF32300888608 /* Recipe_API_AppApp.swift in Sources */ = {isa = PBXBuildFile; fileRef = 71C589DD2BDAF32300888608 /* Recipe_API_AppApp.swift */; };
		71C589E02BDAF32300888608 /* ContentView.swift in Sources */ = {isa = PBXBuildFile; fileRef = 71C589DF2BDAF32300888608 /* ContentView.swift */; };
		71C589E22BDAF32400888608 /* Assets.xcassets in Resources */ = {isa = PBXBuildFile; fileRef = 71C589E12BDAF32400888608 /* Assets.xcassets */; };
		71C589EC2BDAF36900888608 /* CardRecipeRow.swift in Sources */ = {isa = PBXBuildFile; fileRef = 71C589EB2BDAF36900888608 /* CardRecipeRow.swift */; };
		71C589EE2BDAF46900888608 /* Helper.swift in Sources */ = {isa = PBXBuildFile; fileRef = 71C589ED2BDAF46900888608 /* Helper.swift */; };
		71C589F02BDAF4C900888608 /* Recipe.swift in Sources */ = {isa = PBXBuildFile; fileRef = 71C589EF2BDAF4C900888608 /* Recipe.swift */; };
		71C589F22BDAF4EE00888608 /* ViewModel.swift in Sources */ = {isa = PBXBuildFile; fileRef = 71C589F12BDAF4EE00888608 /* ViewModel.swift */; };
		71C589F92BDAF72200888608 /* Extension.swift in Sources */ = {isa = PBXBuildFile; fileRef = 71C589F82BDAF72200888608 /* Extension.swift */; };
		71C589FB2BDAF77D00888608 /* Enum.swift in Sources */ = {isa = PBXBuildFile; fileRef = 71C589FA2BDAF77D00888608 /* Enum.swift */; };
		71C589FD2BDB018100888608 /* HomeView.swift in Sources */ = {isa = PBXBuildFile; fileRef = 71C589FC2BDB018100888608 /* HomeView.swift */; };
		71C589FF2BDB976D00888608 /* RecipeDetailView.swift in Sources */ = {isa = PBXBuildFile; fileRef = 71C589FE2BDB976D00888608 /* RecipeDetailView.swift */; };
/* End PBXBuildFile section */

/* Begin PBXFileReference section */
		717481652BDBA889007AB546 /* PickerVC.storyboard */ = {isa = PBXFileReference; lastKnownFileType = file.storyboard; path = PickerVC.storyboard; sourceTree = "<group>"; };
		717481672BDBA8CC007AB546 /* PickerVC.swift */ = {isa = PBXFileReference; lastKnownFileType = sourcecode.swift; path = PickerVC.swift; sourceTree = "<group>"; };
		717481692BDBAD3E007AB546 /* PickerVCWrapper.swift */ = {isa = PBXFileReference; lastKnownFileType = sourcecode.swift; path = PickerVCWrapper.swift; sourceTree = "<group>"; };
		71C589DA2BDAF32300888608 /* Recipe API App.app */ = {isa = PBXFileReference; explicitFileType = wrapper.application; includeInIndex = 0; path = "Recipe API App.app"; sourceTree = BUILT_PRODUCTS_DIR; };
		71C589DD2BDAF32300888608 /* Recipe_API_AppApp.swift */ = {isa = PBXFileReference; lastKnownFileType = sourcecode.swift; path = Recipe_API_AppApp.swift; sourceTree = "<group>"; };
		71C589DF2BDAF32300888608 /* ContentView.swift */ = {isa = PBXFileReference; lastKnownFileType = sourcecode.swift; path = ContentView.swift; sourceTree = "<group>"; };
		71C589E12BDAF32400888608 /* Assets.xcassets */ = {isa = PBXFileReference; lastKnownFileType = folder.assetcatalog; path = Assets.xcassets; sourceTree = "<group>"; };
		71C589EB2BDAF36900888608 /* CardRecipeRow.swift */ = {isa = PBXFileReference; lastKnownFileType = sourcecode.swift; path = CardRecipeRow.swift; sourceTree = "<group>"; };
		71C589ED2BDAF46900888608 /* Helper.swift */ = {isa = PBXFileReference; lastKnownFileType = sourcecode.swift; path = Helper.swift; sourceTree = "<group>"; };
		71C589EF2BDAF4C900888608 /* Recipe.swift */ = {isa = PBXFileReference; lastKnownFileType = sourcecode.swift; path = Recipe.swift; sourceTree = "<group>"; };
		71C589F12BDAF4EE00888608 /* ViewModel.swift */ = {isa = PBXFileReference; lastKnownFileType = sourcecode.swift; path = ViewModel.swift; sourceTree = "<group>"; };
		71C589F42BDAF6E000888608 /* Georgia.ttf */ = {isa = PBXFileReference; lastKnownFileType = file; path = Georgia.ttf; sourceTree = "<group>"; };
		71C589F52BDAF6E000888608 /* Georgia Bold Italic.ttf */ = {isa = PBXFileReference; lastKnownFileType = file; path = "Georgia Bold Italic.ttf"; sourceTree = "<group>"; };
		71C589F62BDAF6E000888608 /* Georgia Italic.ttf */ = {isa = PBXFileReference; lastKnownFileType = file; path = "Georgia Italic.ttf"; sourceTree = "<group>"; };
		71C589F72BDAF6E000888608 /* Georgia Bold.ttf */ = {isa = PBXFileReference; lastKnownFileType = file; path = "Georgia Bold.ttf"; sourceTree = "<group>"; };
		71C589F82BDAF72200888608 /* Extension.swift */ = {isa = PBXFileReference; lastKnownFileType = sourcecode.swift; path = Extension.swift; sourceTree = "<group>"; };
		71C589FA2BDAF77D00888608 /* Enum.swift */ = {isa = PBXFileReference; lastKnownFileType = sourcecode.swift; path = Enum.swift; sourceTree = "<group>"; };
		71C589FC2BDB018100888608 /* HomeView.swift */ = {isa = PBXFileReference; lastKnownFileType = sourcecode.swift; path = HomeView.swift; sourceTree = "<group>"; };
		71C589FE2BDB976D00888608 /* RecipeDetailView.swift */ = {isa = PBXFileReference; lastKnownFileType = sourcecode.swift; path = RecipeDetailView.swift; sourceTree = "<group>"; };
/* End PBXFileReference section */

/* Begin PBXFrameworksBuildPhase section */
		71C589D72BDAF32300888608 /* Frameworks */ = {
			isa = PBXFrameworksBuildPhase;
			buildActionMask = 2147483647;
			files = (
			);
			runOnlyForDeploymentPostprocessing = 0;
		};
/* End PBXFrameworksBuildPhase section */

/* Begin PBXGroup section */
		71C589D12BDAF32300888608 = {
			isa = PBXGroup;
			children = (
				71C589DC2BDAF32300888608 /* Recipe API App */,
				71C589DB2BDAF32300888608 /* Products */,
			);
			sourceTree = "<group>";
		};
		71C589DB2BDAF32300888608 /* Products */ = {
			isa = PBXGroup;
			children = (
				71C589DA2BDAF32300888608 /* Recipe API App.app */,
			);
			name = Products;
			sourceTree = "<group>";
		};
		71C589DC2BDAF32300888608 /* Recipe API App */ = {
			isa = PBXGroup;
			children = (
				71C589DD2BDAF32300888608 /* Recipe_API_AppApp.swift */,
				71C589DF2BDAF32300888608 /* ContentView.swift */,
				71C589ED2BDAF46900888608 /* Helper.swift */,
				71C589EF2BDAF4C900888608 /* Recipe.swift */,
				71C589EB2BDAF36900888608 /* CardRecipeRow.swift */,
				71C589FC2BDB018100888608 /* HomeView.swift */,
				717481692BDBAD3E007AB546 /* PickerVCWrapper.swift */,
				71C589FE2BDB976D00888608 /* RecipeDetailView.swift */,
				71C589F12BDAF4EE00888608 /* ViewModel.swift */,
				71C589F82BDAF72200888608 /* Extension.swift */,
				71C589FA2BDAF77D00888608 /* Enum.swift */,
				717481652BDBA889007AB546 /* PickerVC.storyboard */,
				717481672BDBA8CC007AB546 /* PickerVC.swift */,
				71C589F32BDAF6C800888608 /* Fonts */,
				71C589E12BDAF32400888608 /* Assets.xcassets */,
			);
			path = "Recipe API App";
			sourceTree = "<group>";
		};
		71C589F32BDAF6C800888608 /* Fonts */ = {
			isa = PBXGroup;
			children = (
				71C589F52BDAF6E000888608 /* Georgia Bold Italic.ttf */,
				71C589F72BDAF6E000888608 /* Georgia Bold.ttf */,
				71C589F62BDAF6E000888608 /* Georgia Italic.ttf */,
				71C589F42BDAF6E000888608 /* Georgia.ttf */,
			);
			path = Fonts;
			sourceTree = "<group>";
		};
/* End PBXGroup section */

/* Begin PBXNativeTarget section */
		71C589D92BDAF32300888608 /* Recipe API App */ = {
			isa = PBXNativeTarget;
			buildConfigurationList = 71C589E82BDAF32400888608 /* Build configuration list for PBXNativeTarget "Recipe API App" */;
			buildPhases = (
				71C589D62BDAF32300888608 /* Sources */,
				71C589D72BDAF32300888608 /* Frameworks */,
				71C589D82BDAF32300888608 /* Resources */,
			);
			buildRules = (
			);
			dependencies = (
			);
			name = "Recipe API App";
			productName = "Recipe API App";
			productReference = 71C589DA2BDAF32300888608 /* Recipe API App.app */;
			productType = "com.apple.product-type.application";
		};
/* End PBXNativeTarget section */

/* Begin PBXProject section */
		71C589D22BDAF32300888608 /* Project object */ = {
			isa = PBXProject;
			attributes = {
				BuildIndependentTargetsInParallel = 1;
				LastSwiftUpdateCheck = 1520;
				LastUpgradeCheck = 1520;
				TargetAttributes = {
					71C589D92BDAF32300888608 = {
						CreatedOnToolsVersion = 15.2;
					};
				};
			};
			buildConfigurationList = 71C589D52BDAF32300888608 /* Build configuration list for PBXProject "Recipe API App" */;
			compatibilityVersion = "Xcode 14.0";
			developmentRegion = en;
			hasScannedForEncodings = 0;
			knownRegions = (
				en,
				Base,
			);
			mainGroup = 71C589D12BDAF32300888608;
			productRefGroup = 71C589DB2BDAF32300888608 /* Products */;
			projectDirPath = "";
			projectRoot = "";
			targets = (
				71C589D92BDAF32300888608 /* Recipe API App */,
			);
		};
/* End PBXProject section */

/* Begin PBXResourcesBuildPhase section */
		71C589D82BDAF32300888608 /* Resources */ = {
			isa = PBXResourcesBuildPhase;
			buildActionMask = 2147483647;
			files = (
				71C589E22BDAF32400888608 /* Assets.xcassets in Resources */,
				717481662BDBA889007AB546 /* PickerVC.storyboard in Resources */,
			);
			runOnlyForDeploymentPostprocessing = 0;
		};
/* End PBXResourcesBuildPhase section */

/* Begin PBXSourcesBuildPhase section */
		71C589D62BDAF32300888608 /* Sources */ = {
			isa = PBXSourcesBuildPhase;
			buildActionMask = 2147483647;
			files = (
				71C589FD2BDB018100888608 /* HomeView.swift in Sources */,
				71C589FF2BDB976D00888608 /* RecipeDetailView.swift in Sources */,
				71C589E02BDAF32300888608 /* ContentView.swift in Sources */,
				71C589EC2BDAF36900888608 /* CardRecipeRow.swift in Sources */,
				71C589FB2BDAF77D00888608 /* Enum.swift in Sources */,
				71C589F92BDAF72200888608 /* Extension.swift in Sources */,
				71C589DE2BDAF32300888608 /* Recipe_API_AppApp.swift in Sources */,
				71C589EE2BDAF46900888608 /* Helper.swift in Sources */,
				7174816A2BDBAD3E007AB546 /* PickerVCWrapper.swift in Sources */,
				717481682BDBA8CC007AB546 /* PickerVC.swift in Sources */,
				71C589F22BDAF4EE00888608 /* ViewModel.swift in Sources */,
				71C589F02BDAF4C900888608 /* Recipe.swift in Sources */,
			);
			runOnlyForDeploymentPostprocessing = 0;
		};
/* End PBXSourcesBuildPhase section */

/* Begin XCBuildConfiguration section */
		71C589E62BDAF32400888608 /* Debug */ = {
			isa = XCBuildConfiguration;
			buildSettings = {
				ALWAYS_SEARCH_USER_PATHS = NO;
				ASSETCATALOG_COMPILER_GENERATE_SWIFT_ASSET_SYMBOL_EXTENSIONS = YES;
				CLANG_ANALYZER_NONNULL = YES;
				CLANG_ANALYZER_NUMBER_OBJECT_CONVERSION = YES_AGGRESSIVE;
				CLANG_CXX_LANGUAGE_STANDARD = "gnu++20";
				CLANG_ENABLE_MODULES = YES;
				CLANG_ENABLE_OBJC_ARC = YES;
				CLANG_ENABLE_OBJC_WEAK = YES;
				CLANG_WARN_BLOCK_CAPTURE_AUTORELEASING = YES;
				CLANG_WARN_BOOL_CONVERSION = YES;
				CLANG_WARN_COMMA = YES;
				CLANG_WARN_CONSTANT_CONVERSION = YES;
				CLANG_WARN_DEPRECATED_OBJC_IMPLEMENTATIONS = YES;
				CLANG_WARN_DIRECT_OBJC_ISA_USAGE = YES_ERROR;
				CLANG_WARN_DOCUMENTATION_COMMENTS = YES;
				CLANG_WARN_EMPTY_BODY = YES;
				CLANG_WARN_ENUM_CONVERSION = YES;
				CLANG_WARN_INFINITE_RECURSION = YES;
				CLANG_WARN_INT_CONVERSION = YES;
				CLANG_WARN_NON_LITERAL_NULL_CONVERSION = YES;
				CLANG_WARN_OBJC_IMPLICIT_RETAIN_SELF = YES;
				CLANG_WARN_OBJC_LITERAL_CONVERSION = YES;
				CLANG_WARN_OBJC_ROOT_CLASS = YES_ERROR;
				CLANG_WARN_QUOTED_INCLUDE_IN_FRAMEWORK_HEADER = YES;
				CLANG_WARN_RANGE_LOOP_ANALYSIS = YES;
				CLANG_WARN_STRICT_PROTOTYPES = YES;
				CLANG_WARN_SUSPICIOUS_MOVE = YES;
				CLANG_WARN_UNGUARDED_AVAILABILITY = YES_AGGRESSIVE;
				CLANG_WARN_UNREACHABLE_CODE = YES;
				CLANG_WARN__DUPLICATE_METHOD_MATCH = YES;
				COPY_PHASE_STRIP = NO;
				DEBUG_INFORMATION_FORMAT = dwarf;
				ENABLE_STRICT_OBJC_MSGSEND = YES;
				ENABLE_TESTABILITY = YES;
				ENABLE_USER_SCRIPT_SANDBOXING = YES;
				GCC_C_LANGUAGE_STANDARD = gnu17;
				GCC_DYNAMIC_NO_PIC = NO;
				GCC_NO_COMMON_BLOCKS = YES;
				GCC_OPTIMIZATION_LEVEL = 0;
				GCC_PREPROCESSOR_DEFINITIONS = (
					"DEBUG=1",
					"$(inherited)",
				);
				GCC_WARN_64_TO_32_BIT_CONVERSION = YES;
				GCC_WARN_ABOUT_RETURN_TYPE = YES_ERROR;
				GCC_WARN_UNDECLARED_SELECTOR = YES;
				GCC_WARN_UNINITIALIZED_AUTOS = YES_AGGRESSIVE;
				GCC_WARN_UNUSED_FUNCTION = YES;
				GCC_WARN_UNUSED_VARIABLE = YES;
				IPHONEOS_DEPLOYMENT_TARGET = 17.2;
				LOCALIZATION_PREFERS_STRING_CATALOGS = YES;
				MTL_ENABLE_DEBUG_INFO = INCLUDE_SOURCE;
				MTL_FAST_MATH = YES;
				ONLY_ACTIVE_ARCH = YES;
				SDKROOT = iphoneos;
				SWIFT_ACTIVE_COMPILATION_CONDITIONS = "DEBUG $(inherited)";
				SWIFT_OPTIMIZATION_LEVEL = "-Onone";
			};
			name = Debug;
		};
		71C589E72BDAF32400888608 /* Release */ = {
			isa = XCBuildConfiguration;
			buildSettings = {
				ALWAYS_SEARCH_USER_PATHS = NO;
				ASSETCATALOG_COMPILER_GENERATE_SWIFT_ASSET_SYMBOL_EXTENSIONS = YES;
				CLANG_ANALYZER_NONNULL = YES;
				CLANG_ANALYZER_NUMBER_OBJECT_CONVERSION = YES_AGGRESSIVE;
				CLANG_CXX_LANGUAGE_STANDARD = "gnu++20";
				CLANG_ENABLE_MODULES = YES;
				CLANG_ENABLE_OBJC_ARC = YES;
				CLANG_ENABLE_OBJC_WEAK = YES;
				CLANG_WARN_BLOCK_CAPTURE_AUTORELEASING = YES;
				CLANG_WARN_BOOL_CONVERSION = YES;
				CLANG_WARN_COMMA = YES;
				CLANG_WARN_CONSTANT_CONVERSION = YES;
				CLANG_WARN_DEPRECATED_OBJC_IMPLEMENTATIONS = YES;
				CLANG_WARN_DIRECT_OBJC_ISA_USAGE = YES_ERROR;
				CLANG_WARN_DOCUMENTATION_COMMENTS = YES;
				CLANG_WARN_EMPTY_BODY = YES;
				CLANG_WARN_ENUM_CONVERSION = YES;
				CLANG_WARN_INFINITE_RECURSION = YES;
				CLANG_WARN_INT_CONVERSION = YES;
				CLANG_WARN_NON_LITERAL_NULL_CONVERSION = YES;
				CLANG_WARN_OBJC_IMPLICIT_RETAIN_SELF = YES;
				CLANG_WARN_OBJC_LITERAL_CONVERSION = YES;
				CLANG_WARN_OBJC_ROOT_CLASS = YES_ERROR;
				CLANG_WARN_QUOTED_INCLUDE_IN_FRAMEWORK_HEADER = YES;
				CLANG_WARN_RANGE_LOOP_ANALYSIS = YES;
				CLANG_WARN_STRICT_PROTOTYPES = YES;
				CLANG_WARN_SUSPICIOUS_MOVE = YES;
				CLANG_WARN_UNGUARDED_AVAILABILITY = YES_AGGRESSIVE;
				CLANG_WARN_UNREACHABLE_CODE = YES;
				CLANG_WARN__DUPLICATE_METHOD_MATCH = YES;
				COPY_PHASE_STRIP = NO;
				DEBUG_INFORMATION_FORMAT = "dwarf-with-dsym";
				ENABLE_NS_ASSERTIONS = NO;
				ENABLE_STRICT_OBJC_MSGSEND = YES;
				ENABLE_USER_SCRIPT_SANDBOXING = YES;
				GCC_C_LANGUAGE_STANDARD = gnu17;
				GCC_NO_COMMON_BLOCKS = YES;
				GCC_WARN_64_TO_32_BIT_CONVERSION = YES;
				GCC_WARN_ABOUT_RETURN_TYPE = YES_ERROR;
				GCC_WARN_UNDECLARED_SELECTOR = YES;
				GCC_WARN_UNINITIALIZED_AUTOS = YES_AGGRESSIVE;
				GCC_WARN_UNUSED_FUNCTION = YES;
				GCC_WARN_UNUSED_VARIABLE = YES;
				IPHONEOS_DEPLOYMENT_TARGET = 17.2;
				LOCALIZATION_PREFERS_STRING_CATALOGS = YES;
				MTL_ENABLE_DEBUG_INFO = NO;
				MTL_FAST_MATH = YES;
				SDKROOT = iphoneos;
				SWIFT_COMPILATION_MODE = wholemodule;
				VALIDATE_PRODUCT = YES;
			};
			name = Release;
		};
		71C589E92BDAF32400888608 /* Debug */ = {
			isa = XCBuildConfiguration;
			buildSettings = {
				ASSETCATALOG_COMPILER_APPICON_NAME = AppIcon;
				ASSETCATALOG_COMPILER_GLOBAL_ACCENT_COLOR_NAME = AccentColor;
				CODE_SIGN_STYLE = Automatic;
				CURRENT_PROJECT_VERSION = 1;
				DEVELOPMENT_ASSET_PATHS = "\"Recipe API App/Preview Content\"";
				DEVELOPMENT_TEAM = U442ACHGQ8;
				ENABLE_PREVIEWS = YES;
				GENERATE_INFOPLIST_FILE = YES;
				INFOPLIST_KEY_UIApplicationSceneManifest_Generation = YES;
				INFOPLIST_KEY_UIApplicationSupportsIndirectInputEvents = YES;
				INFOPLIST_KEY_UILaunchScreen_Generation = YES;
				INFOPLIST_KEY_UISupportedInterfaceOrientations_iPad = "UIInterfaceOrientationPortrait UIInterfaceOrientationPortraitUpsideDown UIInterfaceOrientationLandscapeLeft UIInterfaceOrientationLandscapeRight";
				INFOPLIST_KEY_UISupportedInterfaceOrientations_iPhone = "UIInterfaceOrientationPortrait UIInterfaceOrientationLandscapeLeft UIInterfaceOrientationLandscapeRight";
				LD_RUNPATH_SEARCH_PATHS = (
					"$(inherited)",
					"@executable_path/Frameworks",
				);
				MARKETING_VERSION = 1.0;
				PRODUCT_BUNDLE_IDENTIFIER = "com.fadhli.firdaus.Recipe-API-App";
				PRODUCT_NAME = "$(TARGET_NAME)";
				SWIFT_EMIT_LOC_STRINGS = YES;
				SWIFT_VERSION = 5.0;
				TARGETED_DEVICE_FAMILY = "1,2";
			};
			name = Debug;
		};
		71C589EA2BDAF32400888608 /* Release */ = {
			isa = XCBuildConfiguration;
			buildSettings = {
				ASSETCATALOG_COMPILER_APPICON_NAME = AppIcon;
				ASSETCATALOG_COMPILER_GLOBAL_ACCENT_COLOR_NAME = AccentColor;
				CODE_SIGN_STYLE = Automatic;
				CURRENT_PROJECT_VERSION = 1;
				DEVELOPMENT_ASSET_PATHS = "\"Recipe API App/Preview Content\"";
				DEVELOPMENT_TEAM = U442ACHGQ8;
				ENABLE_PREVIEWS = YES;
				GENERATE_INFOPLIST_FILE = YES;
				INFOPLIST_KEY_UIApplicationSceneManifest_Generation = YES;
				INFOPLIST_KEY_UIApplicationSupportsIndirectInputEvents = YES;
				INFOPLIST_KEY_UILaunchScreen_Generation = YES;
				INFOPLIST_KEY_UISupportedInterfaceOrientations_iPad = "UIInterfaceOrientationPortrait UIInterfaceOrientationPortraitUpsideDown UIInterfaceOrientationLandscapeLeft UIInterfaceOrientationLandscapeRight";
				INFOPLIST_KEY_UISupportedInterfaceOrientations_iPhone = "UIInterfaceOrientationPortrait UIInterfaceOrientationLandscapeLeft UIInterfaceOrientationLandscapeRight";
				LD_RUNPATH_SEARCH_PATHS = (
					"$(inherited)",
					"@executable_path/Frameworks",
				);
				MARKETING_VERSION = 1.0;
				PRODUCT_BUNDLE_IDENTIFIER = "com.fadhli.firdaus.Recipe-API-App";
				PRODUCT_NAME = "$(TARGET_NAME)";
				SWIFT_EMIT_LOC_STRINGS = YES;
				SWIFT_VERSION = 5.0;
				TARGETED_DEVICE_FAMILY = "1,2";
			};
			name = Release;
		};
/* End XCBuildConfiguration section */

/* Begin XCConfigurationList section */
		71C589D52BDAF32300888608 /* Build configuration list for PBXProject "Recipe API App" */ = {
			isa = XCConfigurationList;
			buildConfigurations = (
				71C589E62BDAF32400888608 /* Debug */,
				71C589E72BDAF32400888608 /* Release */,
			);
			defaultConfigurationIsVisible = 0;
			defaultConfigurationName = Release;
		};
		71C589E82BDAF32400888608 /* Build configuration list for PBXNativeTarget "Recipe API App" */ = {
			isa = XCConfigurationList;
			buildConfigurations = (
				71C589E92BDAF32400888608 /* Debug */,
				71C589EA2BDAF32400888608 /* Release */,
			);
			defaultConfigurationIsVisible = 0;
			defaultConfigurationName = Release;
		};
/* End XCConfigurationList section */
	};
	rootObject = 71C589D22BDAF32300888608 /* Project object */;
}
